
Microsoft Visual Studio Solution File, Format Version 12.00
# Visual Studio Version 17
VisualStudioVersion = 17.9.34622.214
MinimumVisualStudioVersion = 10.0.40219.1
Project("{9A19103F-16F7-4668-BE54-9A1E7A4F7556}") = "BestStoreMVC", "BestStoreMVC\BestStoreMVC.csproj", "{82667D3B-BE5B-4327-9C74-17F3D4F5CBB7}"
EndProject
Project("{E53339B2-1760-4266-BCC7-CA923CBCF16C}") = "docker-compose", "docker-compose.dcproj", "{5E757546-57BC-4E32-B32D-180B0730A07D}"
EndProject
Global
	GlobalSection(SolutionConfigurationPlatforms) = preSolution
		Debug|Any CPU = Debug|Any CPU
		Release|Any CPU = Release|Any CPU
	EndGlobalSection
	GlobalSection(ProjectConfigurationPlatforms) = postSolution
		{82667D3B-BE5B-4327-9C74-17F3D4F5CBB7}.Debug|Any CPU.ActiveCfg = Debug|Any CPU
		{82667D3B-BE5B-4327-9C74-17F3D4F5CBB7}.Debug|Any CPU.Build.0 = Debug|Any CPU
		{82667D3B-BE5B-4327-9C74-17F3D4F5CBB7}.Release|Any CPU.ActiveCfg = Release|Any CPU
		{82667D3B-BE5B-4327-9C74-17F3D4F5CBB7}.Release|Any CPU.Build.0 = Release|Any CPU
		{5E757546-57BC-4E32-B32D-180B0730A07D}.Debug|Any CPU.ActiveCfg = Debug|Any CPU
		{5E757546-57BC-4E32-B32D-180B0730A07D}.Debug|Any CPU.Build.0 = Debug|Any CPU
		{5E757546-57BC-4E32-B32D-180B0730A07D}.Release|Any CPU.ActiveCfg = Release|Any CPU
		{5E757546-57BC-4E32-B32D-180B0730A07D}.Release|Any CPU.Build.0 = Release|Any CPU
	EndGlobalSection
	GlobalSection(SolutionProperties) = preSolution
		HideSolutionNode = FALSE
	EndGlobalSection
	GlobalSection(ExtensibilityGlobals) = postSolution
		SolutionGuid = {B56B7E1B-596C-45AA-B92A-4824AA3E2038}
	EndGlobalSection
EndGlobal
